// !$*UTF8*$!
{
	archiveVersion = 1;
	classes = {
	};
	objectVersion = 50;
	objects = {

/* Begin PBXBuildFile section */
		733296D925A6803800FE9B81 /* IexpenseApp.swift in Sources */ = {isa = PBXBuildFile; fileRef = 733296D825A6803800FE9B81 /* IexpenseApp.swift */; };
		733296DB25A6803800FE9B81 /* ContentView.swift in Sources */ = {isa = PBXBuildFile; fileRef = 733296DA25A6803800FE9B81 /* ContentView.swift */; };
		733296DD25A6803B00FE9B81 /* Assets.xcassets in Resources */ = {isa = PBXBuildFile; fileRef = 733296DC25A6803B00FE9B81 /* Assets.xcassets */; };
		733296E025A6803B00FE9B81 /* Preview Assets.xcassets in Resources */ = {isa = PBXBuildFile; fileRef = 733296DF25A6803B00FE9B81 /* Preview Assets.xcassets */; };
		733296EB25A6803B00FE9B81 /* IexpenseTests.swift in Sources */ = {isa = PBXBuildFile; fileRef = 733296EA25A6803B00FE9B81 /* IexpenseTests.swift */; };
		733296F625A6803B00FE9B81 /* IexpenseUITests.swift in Sources */ = {isa = PBXBuildFile; fileRef = 733296F525A6803B00FE9B81 /* IexpenseUITests.swift */; };
		7332970725A795BB00FE9B81 /* AddView.swift in Sources */ = {isa = PBXBuildFile; fileRef = 7332970625A795BB00FE9B81 /* AddView.swift */; };
/* End PBXBuildFile section */

/* Begin PBXContainerItemProxy section */
		733296E725A6803B00FE9B81 /* PBXContainerItemProxy */ = {
			isa = PBXContainerItemProxy;
			containerPortal = 733296CD25A6803800FE9B81 /* Project object */;
			proxyType = 1;
			remoteGlobalIDString = 733296D425A6803800FE9B81;
			remoteInfo = Iexpense;
		};
		733296F225A6803B00FE9B81 /* PBXContainerItemProxy */ = {
			isa = PBXContainerItemProxy;
			containerPortal = 733296CD25A6803800FE9B81 /* Project object */;
			proxyType = 1;
			remoteGlobalIDString = 733296D425A6803800FE9B81;
			remoteInfo = Iexpense;
		};
/* End PBXContainerItemProxy section */

/* Begin PBXFileReference section */
		733296D525A6803800FE9B81 /* Iexpense.app */ = {isa = PBXFileReference; explicitFileType = wrapper.application; includeInIndex = 0; path = Iexpense.app; sourceTree = BUILT_PRODUCTS_DIR; };
		733296D825A6803800FE9B81 /* IexpenseApp.swift */ = {isa = PBXFileReference; lastKnownFileType = sourcecode.swift; path = IexpenseApp.swift; sourceTree = "<group>"; };
		733296DA25A6803800FE9B81 /* ContentView.swift */ = {isa = PBXFileReference; lastKnownFileType = sourcecode.swift; path = ContentView.swift; sourceTree = "<group>"; };
		733296DC25A6803B00FE9B81 /* Assets.xcassets */ = {isa = PBXFileReference; lastKnownFileType = folder.assetcatalog; path = Assets.xcassets; sourceTree = "<group>"; };
		733296DF25A6803B00FE9B81 /* Preview Assets.xcassets */ = {isa = PBXFileReference; lastKnownFileType = folder.assetcatalog; path = "Preview Assets.xcassets"; sourceTree = "<group>"; };
		733296E125A6803B00FE9B81 /* Info.plist */ = {isa = PBXFileReference; lastKnownFileType = text.plist.xml; path = Info.plist; sourceTree = "<group>"; };
		733296E625A6803B00FE9B81 /* IexpenseTests.xctest */ = {isa = PBXFileReference; explicitFileType = wrapper.cfbundle; includeInIndex = 0; path = IexpenseTests.xctest; sourceTree = BUILT_PRODUCTS_DIR; };
		733296EA25A6803B00FE9B81 /* IexpenseTests.swift */ = {isa = PBXFileReference; lastKnownFileType = sourcecode.swift; path = IexpenseTests.swift; sourceTree = "<group>"; };
		733296EC25A6803B00FE9B81 /* Info.plist */ = {isa = PBXFileReference; lastKnownFileType = text.plist.xml; path = Info.plist; sourceTree = "<group>"; };
		733296F125A6803B00FE9B81 /* IexpenseUITests.xctest */ = {isa = PBXFileReference; explicitFileType = wrapper.cfbundle; includeInIndex = 0; path = IexpenseUITests.xctest; sourceTree = BUILT_PRODUCTS_DIR; };
		733296F525A6803B00FE9B81 /* IexpenseUITests.swift */ = {isa = PBXFileReference; lastKnownFileType = sourcecode.swift; path = IexpenseUITests.swift; sourceTree = "<group>"; };
		733296F725A6803B00FE9B81 /* Info.plist */ = {isa = PBXFileReference; lastKnownFileType = text.plist.xml; path = Info.plist; sourceTree = "<group>"; };
		7332970625A795BB00FE9B81 /* AddView.swift */ = {isa = PBXFileReference; lastKnownFileType = sourcecode.swift; path = AddView.swift; sourceTree = "<group>"; };
/* End PBXFileReference section */

/* Begin PBXFrameworksBuildPhase section */
		733296D225A6803800FE9B81 /* Frameworks */ = {
			isa = PBXFrameworksBuildPhase;
			buildActionMask = 2147483647;
			files = (
			);
			runOnlyForDeploymentPostprocessing = 0;
		};
		733296E325A6803B00FE9B81 /* Frameworks */ = {
			isa = PBXFrameworksBuildPhase;
			buildActionMask = 2147483647;
			files = (
			);
			runOnlyForDeploymentPostprocessing = 0;
		};
		733296EE25A6803B00FE9B81 /* Frameworks */ = {
			isa = PBXFrameworksBuildPhase;
			buildActionMask = 2147483647;
			files = (
			);
			runOnlyForDeploymentPostprocessing = 0;
		};
/* End PBXFrameworksBuildPhase section */

/* Begin PBXGroup section */
		733296CC25A6803800FE9B81 = {
			isa = PBXGroup;
			children = (
				733296D725A6803800FE9B81 /* Iexpense */,
				733296E925A6803B00FE9B81 /* IexpenseTests */,
				733296F425A6803B00FE9B81 /* IexpenseUITests */,
				733296D625A6803800FE9B81 /* Products */,
			);
			sourceTree = "<group>";
		};
		733296D625A6803800FE9B81 /* Products */ = {
			isa = PBXGroup;
			children = (
				733296D525A6803800FE9B81 /* Iexpense.app */,
				733296E625A6803B00FE9B81 /* IexpenseTests.xctest */,
				733296F125A6803B00FE9B81 /* IexpenseUITests.xctest */,
			);
			name = Products;
			sourceTree = "<group>";
		};
		733296D725A6803800FE9B81 /* Iexpense */ = {
			isa = PBXGroup;
			children = (
				733296D825A6803800FE9B81 /* IexpenseApp.swift */,
				733296DA25A6803800FE9B81 /* ContentView.swift */,
				7332970625A795BB00FE9B81 /* AddView.swift */,
				733296DC25A6803B00FE9B81 /* Assets.xcassets */,
				733296E125A6803B00FE9B81 /* Info.plist */,
				733296DE25A6803B00FE9B81 /* Preview Content */,
			);
			path = Iexpense;
			sourceTree = "<group>";
		};
		733296DE25A6803B00FE9B81 /* Preview Content */ = {
			isa = PBXGroup;
			children = (
				733296DF25A6803B00FE9B81 /* Preview Assets.xcassets */,
			);
			path = "Preview Content";
			sourceTree = "<group>";
		};
		733296E925A6803B00FE9B81 /* IexpenseTests */ = {
			isa = PBXGroup;
			children = (
				733296EA25A6803B00FE9B81 /* IexpenseTests.swift */,
				733296EC25A6803B00FE9B81 /* Info.plist */,
			);
			path = IexpenseTests;
			sourceTree = "<group>";
		};
		733296F425A6803B00FE9B81 /* IexpenseUITests */ = {
			isa = PBXGroup;
			children = (
				733296F525A6803B00FE9B81 /* IexpenseUITests.swift */,
				733296F725A6803B00FE9B81 /* Info.plist */,
			);
			path = IexpenseUITests;
			sourceTree = "<group>";
		};
/* End PBXGroup section */

/* Begin PBXNativeTarget section */
		733296D425A6803800FE9B81 /* Iexpense */ = {
			isa = PBXNativeTarget;
			buildConfigurationList = 733296FA25A6803B00FE9B81 /* Build configuration list for PBXNativeTarget "Iexpense" */;
			buildPhases = (
				733296D125A6803800FE9B81 /* Sources */,
				733296D225A6803800FE9B81 /* Frameworks */,
				733296D325A6803800FE9B81 /* Resources */,
			);
			buildRules = (
			);
			dependencies = (
			);
			name = Iexpense;
			productName = Iexpense;
			productReference = 733296D525A6803800FE9B81 /* Iexpense.app */;
			productType = "com.apple.product-type.application";
		};
		733296E525A6803B00FE9B81 /* IexpenseTests */ = {
			isa = PBXNativeTarget;
			buildConfigurationList = 733296FD25A6803B00FE9B81 /* Build configuration list for PBXNativeTarget "IexpenseTests" */;
			buildPhases = (
				733296E225A6803B00FE9B81 /* Sources */,
				733296E325A6803B00FE9B81 /* Frameworks */,
				733296E425A6803B00FE9B81 /* Resources */,
			);
			buildRules = (
			);
			dependencies = (
				733296E825A6803B00FE9B81 /* PBXTargetDependency */,
			);
			name = IexpenseTests;
			productName = IexpenseTests;
			productReference = 733296E625A6803B00FE9B81 /* IexpenseTests.xctest */;
			productType = "com.apple.product-type.bundle.unit-test";
		};
		733296F025A6803B00FE9B81 /* IexpenseUITests */ = {
			isa = PBXNativeTarget;
			buildConfigurationList = 7332970025A6803B00FE9B81 /* Build configuration list for PBXNativeTarget "IexpenseUITests" */;
			buildPhases = (
				733296ED25A6803B00FE9B81 /* Sources */,
				733296EE25A6803B00FE9B81 /* Frameworks */,
				733296EF25A6803B00FE9B81 /* Resources */,
			);
			buildRules = (
			);
			dependencies = (
				733296F325A6803B00FE9B81 /* PBXTargetDependency */,
			);
			name = IexpenseUITests;
			productName = IexpenseUITests;
			productReference = 733296F125A6803B00FE9B81 /* IexpenseUITests.xctest */;
			productType = "com.apple.product-type.bundle.ui-testing";
		};
/* End PBXNativeTarget section */

/* Begin PBXProject section */
		733296CD25A6803800FE9B81 /* Project object */ = {
			isa = PBXProject;
			attributes = {
				LastSwiftUpdateCheck = 1230;
				LastUpgradeCheck = 1230;
				TargetAttributes = {
					733296D425A6803800FE9B81 = {
						CreatedOnToolsVersion = 12.3;
					};
					733296E525A6803B00FE9B81 = {
						CreatedOnToolsVersion = 12.3;
						TestTargetID = 733296D425A6803800FE9B81;
					};
					733296F025A6803B00FE9B81 = {
						CreatedOnToolsVersion = 12.3;
						TestTargetID = 733296D425A6803800FE9B81;
					};
				};
			};
			buildConfigurationList = 733296D025A6803800FE9B81 /* Build configuration list for PBXProject "Iexpense" */;
			compatibilityVersion = "Xcode 9.3";
			developmentRegion = en;
			hasScannedForEncodings = 0;
			knownRegions = (
				en,
				Base,
			);
			mainGroup = 733296CC25A6803800FE9B81;
			productRefGroup = 733296D625A6803800FE9B81 /* Products */;
			projectDirPath = "";
			projectRoot = "";
			targets = (
				733296D425A6803800FE9B81 /* Iexpense */,
				733296E525A6803B00FE9B81 /* IexpenseTests */,
				733296F025A6803B00FE9B81 /* IexpenseUITests */,
			);
		};
/* End PBXProject section */

/* Begin PBXResourcesBuildPhase section */
		733296D325A6803800FE9B81 /* Resources */ = {
			isa = PBXResourcesBuildPhase;
			buildActionMask = 2147483647;
			files = (
				733296E025A6803B00FE9B81 /* Preview Assets.xcassets in Resources */,
				733296DD25A6803B00FE9B81 /* Assets.xcassets in Resources */,
			);
			runOnlyForDeploymentPostprocessing = 0;
		};
		733296E425A6803B00FE9B81 /* Resources */ = {
			isa = PBXResourcesBuildPhase;
			buildActionMask = 2147483647;
			files = (
			);
			runOnlyForDeploymentPostprocessing = 0;
		};
		733296EF25A6803B00FE9B81 /* Resources */ = {
			isa = PBXResourcesBuildPhase;
			buildActionMask = 2147483647;
			files = (
			);
			runOnlyForDeploymentPostprocessing = 0;
		};
/* End PBXResourcesBuildPhase section */

/* Begin PBXSourcesBuildPhase section */
		733296D125A6803800FE9B81 /* Sources */ = {
			isa = PBXSourcesBuildPhase;
			buildActionMask = 2147483647;
			files = (
				733296DB25A6803800FE9B81 /* ContentView.swift in Sources */,
				733296D925A6803800FE9B81 /* IexpenseApp.swift in Sources */,
				7332970725A795BB00FE9B81 /* AddView.swift in Sources */,
			);
			runOnlyForDeploymentPostprocessing = 0;
		};
		733296E225A6803B00FE9B81 /* Sources */ = {
			isa = PBXSourcesBuildPhase;
			buildActionMask = 2147483647;
			files = (
				733296EB25A6803B00FE9B81 /* IexpenseTests.swift in Sources */,
			);
			runOnlyForDeploymentPostprocessing = 0;
		};
		733296ED25A6803B00FE9B81 /* Sources */ = {
			isa = PBXSourcesBuildPhase;
			buildActionMask = 2147483647;
			files = (
				733296F625A6803B00FE9B81 /* IexpenseUITests.swift in Sources */,
			);
			runOnlyForDeploymentPostprocessing = 0;
		};
/* End PBXSourcesBuildPhase section */

/* Begin PBXTargetDependency section */
		733296E825A6803B00FE9B81 /* PBXTargetDependency */ = {
			isa = PBXTargetDependency;
			target = 733296D425A6803800FE9B81 /* Iexpense */;
			targetProxy = 733296E725A6803B00FE9B81 /* PBXContainerItemProxy */;
		};
		733296F325A6803B00FE9B81 /* PBXTargetDependency */ = {
			isa = PBXTargetDependency;
			target = 733296D425A6803800FE9B81 /* Iexpense */;
			targetProxy = 733296F225A6803B00FE9B81 /* PBXContainerItemProxy */;
		};
/* End PBXTargetDependency section */

/* Begin XCBuildConfiguration section */
		733296F825A6803B00FE9B81 /* Debug */ = {
			isa = XCBuildConfiguration;
			buildSettings = {
				ALWAYS_SEARCH_USER_PATHS = NO;
				CLANG_ANALYZER_NONNULL = YES;
				CLANG_ANALYZER_NUMBER_OBJECT_CONVERSION = YES_AGGRESSIVE;
				CLANG_CXX_LANGUAGE_STANDARD = "gnu++14";
				CLANG_CXX_LIBRARY = "libc++";
				CLANG_ENABLE_MODULES = YES;
				CLANG_ENABLE_OBJC_ARC = YES;
				CLANG_ENABLE_OBJC_WEAK = YES;
				CLANG_WARN_BLOCK_CAPTURE_AUTORELEASING = YES;
				CLANG_WARN_BOOL_CONVERSION = YES;
				CLANG_WARN_COMMA = YES;
				CLANG_WARN_CONSTANT_CONVERSION = YES;
				CLANG_WARN_DEPRECATED_OBJC_IMPLEMENTATIONS = YES;
				CLANG_WARN_DIRECT_OBJC_ISA_USAGE = YES_ERROR;
				CLANG_WARN_DOCUMENTATION_COMMENTS = YES;
				CLANG_WARN_EMPTY_BODY = YES;
				CLANG_WARN_ENUM_CONVERSION = YES;
				CLANG_WARN_INFINITE_RECURSION = YES;
				CLANG_WARN_INT_CONVERSION = YES;
				CLANG_WARN_NON_LITERAL_NULL_CONVERSION = YES;
				CLANG_WARN_OBJC_IMPLICIT_RETAIN_SELF = YES;
				CLANG_WARN_OBJC_LITERAL_CONVERSION = YES;
				CLANG_WARN_OBJC_ROOT_CLASS = YES_ERROR;
				CLANG_WARN_QUOTED_INCLUDE_IN_FRAMEWORK_HEADER = YES;
				CLANG_WARN_RANGE_LOOP_ANALYSIS = YES;
				CLANG_WARN_STRICT_PROTOTYPES = YES;
				CLANG_WARN_SUSPICIOUS_MOVE = YES;
				CLANG_WARN_UNGUARDED_AVAILABILITY = YES_AGGRESSIVE;
				CLANG_WARN_UNREACHABLE_CODE = YES;
				CLANG_WARN__DUPLICATE_METHOD_MATCH = YES;
				COPY_PHASE_STRIP = NO;
				DEBUG_INFORMATION_FORMAT = dwarf;
				ENABLE_STRICT_OBJC_MSGSEND = YES;
				ENABLE_TESTABILITY = YES;
				GCC_C_LANGUAGE_STANDARD = gnu11;
				GCC_DYNAMIC_NO_PIC = NO;
				GCC_NO_COMMON_BLOCKS = YES;
				GCC_OPTIMIZATION_LEVEL = 0;
				GCC_PREPROCESSOR_DEFINITIONS = (
					"DEBUG=1",
					"$(inherited)",
				);
				GCC_WARN_64_TO_32_BIT_CONVERSION = YES;
				GCC_WARN_ABOUT_RETURN_TYPE = YES_ERROR;
				GCC_WARN_UNDECLARED_SELECTOR = YES;
				GCC_WARN_UNINITIALIZED_AUTOS = YES_AGGRESSIVE;
				GCC_WARN_UNUSED_FUNCTION = YES;
				GCC_WARN_UNUSED_VARIABLE = YES;
				IPHONEOS_DEPLOYMENT_TARGET = 14.3;
				MTL_ENABLE_DEBUG_INFO = INCLUDE_SOURCE;
				MTL_FAST_MATH = YES;
				ONLY_ACTIVE_ARCH = YES;
				SDKROOT = iphoneos;
				SWIFT_ACTIVE_COMPILATION_CONDITIONS = DEBUG;
				SWIFT_OPTIMIZATION_LEVEL = "-Onone";
			};
			name = Debug;
		};
		733296F925A6803B00FE9B81 /* Release */ = {
			isa = XCBuildConfiguration;
			buildSettings = {
				ALWAYS_SEARCH_USER_PATHS = NO;
				CLANG_ANALYZER_NONNULL = YES;
				CLANG_ANALYZER_NUMBER_OBJECT_CONVERSION = YES_AGGRESSIVE;
				CLANG_CXX_LANGUAGE_STANDARD = "gnu++14";
				CLANG_CXX_LIBRARY = "libc++";
				CLANG_ENABLE_MODULES = YES;
				CLANG_ENABLE_OBJC_ARC = YES;
				CLANG_ENABLE_OBJC_WEAK = YES;
				CLANG_WARN_BLOCK_CAPTURE_AUTORELEASING = YES;
				CLANG_WARN_BOOL_CONVERSION = YES;
				CLANG_WARN_COMMA = YES;
				CLANG_WARN_CONSTANT_CONVERSION = YES;
				CLANG_WARN_DEPRECATED_OBJC_IMPLEMENTATIONS = YES;
				CLANG_WARN_DIRECT_OBJC_ISA_USAGE = YES_ERROR;
				CLANG_WARN_DOCUMENTATION_COMMENTS = YES;
				CLANG_WARN_EMPTY_BODY = YES;
				CLANG_WARN_ENUM_CONVERSION = YES;
				CLANG_WARN_INFINITE_RECURSION = YES;
				CLANG_WARN_INT_CONVERSION = YES;
				CLANG_WARN_NON_LITERAL_NULL_CONVERSION = YES;
				CLANG_WARN_OBJC_IMPLICIT_RETAIN_SELF = YES;
				CLANG_WARN_OBJC_LITERAL_CONVERSION = YES;
				CLANG_WARN_OBJC_ROOT_CLASS = YES_ERROR;
				CLANG_WARN_QUOTED_INCLUDE_IN_FRAMEWORK_HEADER = YES;
				CLANG_WARN_RANGE_LOOP_ANALYSIS = YES;
				CLANG_WARN_STRICT_PROTOTYPES = YES;
				CLANG_WARN_SUSPICIOUS_MOVE = YES;
				CLANG_WARN_UNGUARDED_AVAILABILITY = YES_AGGRESSIVE;
				CLANG_WARN_UNREACHABLE_CODE = YES;
				CLANG_WARN__DUPLICATE_METHOD_MATCH = YES;
				COPY_PHASE_STRIP = NO;
				DEBUG_INFORMATION_FORMAT = "dwarf-with-dsym";
				ENABLE_NS_ASSERTIONS = NO;
				ENABLE_STRICT_OBJC_MSGSEND = YES;
				GCC_C_LANGUAGE_STANDARD = gnu11;
				GCC_NO_COMMON_BLOCKS = YES;
				GCC_WARN_64_TO_32_BIT_CONVERSION = YES;
				GCC_WARN_ABOUT_RETURN_TYPE = YES_ERROR;
				GCC_WARN_UNDECLARED_SELECTOR = YES;
				GCC_WARN_UNINITIALIZED_AUTOS = YES_AGGRESSIVE;
				GCC_WARN_UNUSED_FUNCTION = YES;
				GCC_WARN_UNUSED_VARIABLE = YES;
				IPHONEOS_DEPLOYMENT_TARGET = 14.3;
				MTL_ENABLE_DEBUG_INFO = NO;
				MTL_FAST_MATH = YES;
				SDKROOT = iphoneos;
				SWIFT_COMPILATION_MODE = wholemodule;
				SWIFT_OPTIMIZATION_LEVEL = "-O";
				VALIDATE_PRODUCT = YES;
			};
			name = Release;
		};
		733296FB25A6803B00FE9B81 /* Debug */ = {
			isa = XCBuildConfiguration;
			buildSettings = {
				ASSETCATALOG_COMPILER_APPICON_NAME = AppIcon;
				ASSETCATALOG_COMPILER_GLOBAL_ACCENT_COLOR_NAME = AccentColor;
				CODE_SIGN_STYLE = Automatic;
				DEVELOPMENT_ASSET_PATHS = "\"Iexpense/Preview Content\"";
				DEVELOPMENT_TEAM = C7UD9SEVJ6;
				ENABLE_PREVIEWS = YES;
				INFOPLIST_FILE = Iexpense/Info.plist;
				IPHONEOS_DEPLOYMENT_TARGET = 14.0;
				LD_RUNPATH_SEARCH_PATHS = (
					"$(inherited)",
					"@executable_path/Frameworks",
				);
				PRODUCT_BUNDLE_IDENTIFIER = com.effyzhang.Iexpense;
				PRODUCT_NAME = "$(TARGET_NAME)";
				SWIFT_VERSION = 5.0;
				TARGETED_DEVICE_FAMILY = "1,2";
			};
			name = Debug;
		};
		733296FC25A6803B00FE9B81 /* Release */ = {
			isa = XCBuildConfiguration;
			buildSettings = {
				ASSETCATALOG_COMPILER_APPICON_NAME = AppIcon;
				ASSETCATALOG_COMPILER_GLOBAL_ACCENT_COLOR_NAME = AccentColor;
				CODE_SIGN_STYLE = Automatic;
				DEVELOPMENT_ASSET_PATHS = "\"Iexpense/Preview Content\"";
				DEVELOPMENT_TEAM = C7UD9SEVJ6;
				ENABLE_PREVIEWS = YES;
				INFOPLIST_FILE = Iexpense/Info.plist;
				IPHONEOS_DEPLOYMENT_TARGET = 14.0;
				LD_RUNPATH_SEARCH_PATHS = (
					"$(inherited)",
					"@executable_path/Frameworks",
				);
				PRODUCT_BUNDLE_IDENTIFIER = com.effyzhang.Iexpense;
				PRODUCT_NAME = "$(TARGET_NAME)";
				SWIFT_VERSION = 5.0;
				TARGETED_DEVICE_FAMILY = "1,2";
			};
			name = Release;
		};
		733296FE25A6803B00FE9B81 /* Debug */ = {
			isa = XCBuildConfiguration;
			buildSettings = {
				ALWAYS_EMBED_SWIFT_STANDARD_LIBRARIES = YES;
				BUNDLE_LOADER = "$(TEST_HOST)";
				CODE_SIGN_STYLE = Automatic;
				DEVELOPMENT_TEAM = C7UD9SEVJ6;
				INFOPLIST_FILE = IexpenseTests/Info.plist;
				IPHONEOS_DEPLOYMENT_TARGET = 14.0;
				LD_RUNPATH_SEARCH_PATHS = (
					"$(inherited)",
					"@executable_path/Frameworks",
					"@loader_path/Frameworks",
				);
				PRODUCT_BUNDLE_IDENTIFIER = com.effyzhang.IexpenseTests;
				PRODUCT_NAME = "$(TARGET_NAME)";
				SWIFT_VERSION = 5.0;
				TARGETED_DEVICE_FAMILY = "1,2";
				TEST_HOST = "$(BUILT_PRODUCTS_DIR)/Iexpense.app/Iexpense";
			};
			name = Debug;
		};
		733296FF25A6803B00FE9B81 /* Release */ = {
			isa = XCBuildConfiguration;
			buildSettings = {
				ALWAYS_EMBED_SWIFT_STANDARD_LIBRARIES = YES;
				BUNDLE_LOADER = "$(TEST_HOST)";
				CODE_SIGN_STYLE = Automatic;
				DEVELOPMENT_TEAM = C7UD9SEVJ6;
				INFOPLIST_FILE = IexpenseTests/Info.plist;
				IPHONEOS_DEPLOYMENT_TARGET = 14.0;
				LD_RUNPATH_SEARCH_PATHS = (
					"$(inherited)",
					"@executable_path/Frameworks",
					"@loader_path/Frameworks",
				);
				PRODUCT_BUNDLE_IDENTIFIER = com.effyzhang.IexpenseTests;
				PRODUCT_NAME = "$(TARGET_NAME)";
				SWIFT_VERSION = 5.0;
				TARGETED_DEVICE_FAMILY = "1,2";
				TEST_HOST = "$(BUILT_PRODUCTS_DIR)/Iexpense.app/Iexpense";
			};
			name = Release;
		};
		7332970125A6803B00FE9B81 /* Debug */ = {
			isa = XCBuildConfiguration;
			buildSettings = {
				ALWAYS_EMBED_SWIFT_STANDARD_LIBRARIES = YES;
				CODE_SIGN_STYLE = Automatic;
				DEVELOPMENT_TEAM = C7UD9SEVJ6;
				INFOPLIST_FILE = IexpenseUITests/Info.plist;
				LD_RUNPATH_SEARCH_PATHS = (
					"$(inherited)",
					"@executable_path/Frameworks",
					"@loader_path/Frameworks",
				);
				PRODUCT_BUNDLE_IDENTIFIER = com.effyzhang.IexpenseUITests;
				PRODUCT_NAME = "$(TARGET_NAME)";
				SWIFT_VERSION = 5.0;
				TARGETED_DEVICE_FAMILY = "1,2";
				TEST_TARGET_NAME = Iexpense;
			};
			name = Debug;
		};
		7332970225A6803B00FE9B81 /* Release */ = {
			isa = XCBuildConfiguration;
			buildSettings = {
				ALWAYS_EMBED_SWIFT_STANDARD_LIBRARIES = YES;
				CODE_SIGN_STYLE = Automatic;
				DEVELOPMENT_TEAM = C7UD9SEVJ6;
				INFOPLIST_FILE = IexpenseUITests/Info.plist;
				LD_RUNPATH_SEARCH_PATHS = (
					"$(inherited)",
					"@executable_path/Frameworks",
					"@loader_path/Frameworks",
				);
				PRODUCT_BUNDLE_IDENTIFIER = com.effyzhang.IexpenseUITests;
				PRODUCT_NAME = "$(TARGET_NAME)";
				SWIFT_VERSION = 5.0;
				TARGETED_DEVICE_FAMILY = "1,2";
				TEST_TARGET_NAME = Iexpense;
			};
			name = Release;
		};
/* End XCBuildConfiguration section */

/* Begin XCConfigurationList section */
		733296D025A6803800FE9B81 /* Build configuration list for PBXProject "Iexpense" */ = {
			isa = XCConfigurationList;
			buildConfigurations = (
				733296F825A6803B00FE9B81 /* Debug */,
				733296F925A6803B00FE9B81 /* Release */,
			);
			defaultConfigurationIsVisible = 0;
			defaultConfigurationName = Release;
		};
		733296FA25A6803B00FE9B81 /* Build configuration list for PBXNativeTarget "Iexpense" */ = {
			isa = XCConfigurationList;
			buildConfigurations = (
				733296FB25A6803B00FE9B81 /* Debug */,
				733296FC25A6803B00FE9B81 /* Release */,
			);
			defaultConfigurationIsVisible = 0;
			defaultConfigurationName = Release;
		};
		733296FD25A6803B00FE9B81 /* Build configuration list for PBXNativeTarget "IexpenseTests" */ = {
			isa = XCConfigurationList;
			buildConfigurations = (
				733296FE25A6803B00FE9B81 /* Debug */,
				733296FF25A6803B00FE9B81 /* Release */,
			);
			defaultConfigurationIsVisible = 0;
			defaultConfigurationName = Release;
		};
		7332970025A6803B00FE9B81 /* Build configuration list for PBXNativeTarget "IexpenseUITests" */ = {
			isa = XCConfigurationList;
			buildConfigurations = (
				7332970125A6803B00FE9B81 /* Debug */,
				7332970225A6803B00FE9B81 /* Release */,
			);
			defaultConfigurationIsVisible = 0;
			defaultConfigurationName = Release;
		};
/* End XCConfigurationList section */
	};
	rootObject = 733296CD25A6803800FE9B81 /* Project object */;
}
